
Microsoft Visual Studio Solution File, Format Version 12.00
# Visual Studio Version 16
VisualStudioVersion = 16.0.32602.291
MinimumVisualStudioVersion = 10.0.40219.1
Project("{9A19103F-16F7-4668-BE54-9A1E7A4F7556}") = "Homework5", "Homework5\Homework5.csproj", "{F914B971-A02D-45DC-BCC6-709DA191FB43}"
EndProject
Global
	GlobalSection(SolutionConfigurationPlatforms) = preSolution
		Debug|Any CPU = Debug|Any CPU
		Release|Any CPU = Release|Any CPU
	EndGlobalSection
	GlobalSection(ProjectConfigurationPlatforms) = postSolution
		{F914B971-A02D-45DC-BCC6-709DA191FB43}.Debug|Any CPU.ActiveCfg = Debug|Any CPU
		{F914B971-A02D-45DC-BCC6-709DA191FB43}.Debug|Any CPU.Build.0 = Debug|Any CPU
		{F914B971-A02D-45DC-BCC6-709DA191FB43}.Release|Any CPU.ActiveCfg = Release|Any CPU
		{F914B971-A02D-45DC-BCC6-709DA191FB43}.Release|Any CPU.Build.0 = Release|Any CPU
	EndGlobalSection
	GlobalSection(SolutionProperties) = preSolution
		HideSolutionNode = FALSE
	EndGlobalSection
	GlobalSection(ExtensibilityGlobals) = postSolution
		SolutionGuid = {8114164A-1857-400D-9465-28A8F7C4BEB1}
	EndGlobalSection
EndGlobal
